// !$*UTF8*$!
{
	archiveVersion = 1;
	classes = {
	};
	objectVersion = 56;
	objects = {

/* Begin PBXBuildFile section */
		232C69132AA0CA6F00F5788A /* traversal.cpp in Sources */ = {isa = PBXBuildFile; fileRef = 232C69122AA0CA6F00F5788A /* traversal.cpp */; };
/* End PBXBuildFile section */

/* Begin PBXCopyFilesBuildPhase section */
		23BCEDEC2A886F1D003AD99F /* CopyFiles */ = {
			isa = PBXCopyFilesBuildPhase;
			buildActionMask = 2147483647;
			dstPath = /usr/share/man/man1/;
			dstSubfolderSpec = 0;
			files = (
			);
			runOnlyForDeploymentPostprocessing = 1;
		};
/* End PBXCopyFilesBuildPhase section */

/* Begin PBXFileReference section */
		230867992A98F188001A98C6 /* sort.cpp */ = {isa = PBXFileReference; lastKnownFileType = sourcecode.cpp.cpp; path = sort.cpp; sourceTree = "<group>"; };
		230F7AC82A887A6E00298360 /* 1000.cpp */ = {isa = PBXFileReference; lastKnownFileType = sourcecode.cpp.cpp; path = 1000.cpp; sourceTree = "<group>"; };
		230F7ACB2A8880B400298360 /* 1001.cpp */ = {isa = PBXFileReference; lastKnownFileType = sourcecode.cpp.cpp; path = 1001.cpp; sourceTree = "<group>"; };
		230F7ACD2A88810D00298360 /* 10998.cpp */ = {isa = PBXFileReference; lastKnownFileType = sourcecode.cpp.cpp; path = 10998.cpp; sourceTree = "<group>"; };
		230F7ACF2A88816000298360 /* 1008.cpp */ = {isa = PBXFileReference; lastKnownFileType = sourcecode.cpp.cpp; path = 1008.cpp; sourceTree = "<group>"; };
		230F7AD12A8882B600298360 /* 10869.cpp */ = {isa = PBXFileReference; lastKnownFileType = sourcecode.cpp.cpp; path = 10869.cpp; sourceTree = "<group>"; };
		230F7AD52A88892500298360 /* 10926.cpp */ = {isa = PBXFileReference; lastKnownFileType = sourcecode.cpp.cpp; path = 10926.cpp; sourceTree = "<group>"; };
		230F7AD72A888B6300298360 /* 18108.cpp */ = {isa = PBXFileReference; lastKnownFileType = sourcecode.cpp.cpp; path = 18108.cpp; sourceTree = "<group>"; };
		230F7AD92A888DB200298360 /* 10430.cpp */ = {isa = PBXFileReference; lastKnownFileType = sourcecode.cpp.cpp; path = 10430.cpp; sourceTree = "<group>"; };
		230F7ADB2A888EE100298360 /* 2588.cpp */ = {isa = PBXFileReference; lastKnownFileType = sourcecode.cpp.cpp; path = 2588.cpp; sourceTree = "<group>"; };
		230F7ADD2A8893CB00298360 /* 11382.cpp */ = {isa = PBXFileReference; lastKnownFileType = sourcecode.cpp.cpp; path = 11382.cpp; sourceTree = "<group>"; };
		230F7ADF2A8894D800298360 /* 10171.cpp */ = {isa = PBXFileReference; lastKnownFileType = sourcecode.cpp.cpp; path = 10171.cpp; sourceTree = "<group>"; };
		230F7AE12A8895E400298360 /* 10172.cpp */ = {isa = PBXFileReference; lastKnownFileType = sourcecode.cpp.cpp; path = 10172.cpp; sourceTree = "<group>"; };
		230F7AE42A88976D00298360 /* 1330.cpp */ = {isa = PBXFileReference; lastKnownFileType = sourcecode.cpp.cpp; path = 1330.cpp; sourceTree = "<group>"; };
		230F7AE62A8899CA00298360 /* 9498.cpp */ = {isa = PBXFileReference; lastKnownFileType = sourcecode.cpp.cpp; path = 9498.cpp; sourceTree = "<group>"; };
		230F7AE82A889D7500298360 /* 2753.cpp */ = {isa = PBXFileReference; lastKnownFileType = sourcecode.cpp.cpp; path = 2753.cpp; sourceTree = "<group>"; };
		230F7AEB2A889E9100298360 /* 14681.cpp */ = {isa = PBXFileReference; lastKnownFileType = sourcecode.cpp.cpp; path = 14681.cpp; sourceTree = "<group>"; };
		230F7AED2A88A01A00298360 /* 2884.cpp */ = {isa = PBXFileReference; lastKnownFileType = sourcecode.cpp.cpp; path = 2884.cpp; sourceTree = "<group>"; };
		230F7AEF2A88A2B400298360 /* 2525.cpp */ = {isa = PBXFileReference; lastKnownFileType = sourcecode.cpp.cpp; path = 2525.cpp; sourceTree = "<group>"; };
		230F7AF12A88A61000298360 /* 2480.cpp */ = {isa = PBXFileReference; lastKnownFileType = sourcecode.cpp.cpp; path = 2480.cpp; sourceTree = "<group>"; };
		230F7AF42A88AB7A00298360 /* 2739.cpp */ = {isa = PBXFileReference; lastKnownFileType = sourcecode.cpp.cpp; path = 2739.cpp; sourceTree = "<group>"; };
		230F7AF62A88B0E300298360 /* 10950.cpp */ = {isa = PBXFileReference; lastKnownFileType = sourcecode.cpp.cpp; path = 10950.cpp; sourceTree = "<group>"; };
		232215342A8BC1E700543BFA /* stack1.cpp */ = {isa = PBXFileReference; lastKnownFileType = sourcecode.cpp.cpp; path = stack1.cpp; sourceTree = "<group>"; };
		232215362A8BC6C700543BFA /* stack2.cpp */ = {isa = PBXFileReference; lastKnownFileType = sourcecode.cpp.cpp; path = stack2.cpp; sourceTree = "<group>"; };
		2322688A2A94E02500BA40D6 /* recursion.cpp */ = {isa = PBXFileReference; lastKnownFileType = sourcecode.cpp.cpp; path = recursion.cpp; sourceTree = "<group>"; };
		2322688C2A94E6C300BA40D6 /* factorial.cpp */ = {isa = PBXFileReference; lastKnownFileType = sourcecode.cpp.cpp; path = factorial.cpp; sourceTree = "<group>"; };
		2322688E2A94E8B300BA40D6 /* fibo.cpp */ = {isa = PBXFileReference; lastKnownFileType = sourcecode.cpp.cpp; path = fibo.cpp; sourceTree = "<group>"; };
		232268912A94EE3C00BA40D6 /* reverse.cpp */ = {isa = PBXFileReference; lastKnownFileType = sourcecode.cpp.cpp; path = reverse.cpp; sourceTree = "<group>"; };
		232268932A94F13C00BA40D6 /* gcd_lcm.cpp */ = {isa = PBXFileReference; lastKnownFileType = sourcecode.cpp.cpp; path = gcd_lcm.cpp; sourceTree = "<group>"; };
		232268952A94F9FF00BA40D6 /* permutation.cpp */ = {isa = PBXFileReference; lastKnownFileType = sourcecode.cpp.cpp; path = permutation.cpp; sourceTree = "<group>"; };
		232268972A94FDD600BA40D6 /* hanoi.cpp */ = {isa = PBXFileReference; lastKnownFileType = sourcecode.cpp.cpp; path = hanoi.cpp; sourceTree = "<group>"; };
		232B79542A8CE2CE00E0D029 /* 2562.cpp */ = {isa = PBXFileReference; lastKnownFileType = sourcecode.cpp.cpp; path = 2562.cpp; sourceTree = "<group>"; };
		232B79562A8CE4C600E0D029 /* 10810.cpp */ = {isa = PBXFileReference; lastKnownFileType = sourcecode.cpp.cpp; path = 10810.cpp; sourceTree = "<group>"; };
		232B79582A8CF02100E0D029 /* 10813.cpp */ = {isa = PBXFileReference; lastKnownFileType = sourcecode.cpp.cpp; path = 10813.cpp; sourceTree = "<group>"; };
		232B795A2A8CF3D500E0D029 /* 5597.cpp */ = {isa = PBXFileReference; lastKnownFileType = sourcecode.cpp.cpp; path = 5597.cpp; sourceTree = "<group>"; };
		232C69102AA0B1CF00F5788A /* graph.cpp */ = {isa = PBXFileReference; lastKnownFileType = sourcecode.cpp.cpp; path = graph.cpp; sourceTree = "<group>"; };
		232C69122AA0CA6F00F5788A /* traversal.cpp */ = {isa = PBXFileReference; lastKnownFileType = sourcecode.cpp.cpp; path = traversal.cpp; sourceTree = "<group>"; };
		232E491E2A9379AD008182FA /* 3052.cpp */ = {isa = PBXFileReference; lastKnownFileType = sourcecode.cpp.cpp; path = 3052.cpp; sourceTree = "<group>"; };
		23440C692A8B683C007EDDD4 /* 8393.cpp */ = {isa = PBXFileReference; lastKnownFileType = sourcecode.cpp.cpp; path = 8393.cpp; sourceTree = "<group>"; };
		23440C6B2A8B6969007EDDD4 /* 25304.cpp */ = {isa = PBXFileReference; lastKnownFileType = sourcecode.cpp.cpp; path = 25304.cpp; sourceTree = "<group>"; };
		23440C6D2A8B6B76007EDDD4 /* 25314.cpp */ = {isa = PBXFileReference; lastKnownFileType = sourcecode.cpp.cpp; path = 25314.cpp; sourceTree = "<group>"; };
		23440C6F2A8B6E5A007EDDD4 /* 15552.cpp */ = {isa = PBXFileReference; lastKnownFileType = sourcecode.cpp.cpp; path = 15552.cpp; sourceTree = "<group>"; };
		23440C712A8B7243007EDDD4 /* 11021.cpp */ = {isa = PBXFileReference; lastKnownFileType = sourcecode.cpp.cpp; path = 11021.cpp; sourceTree = "<group>"; };
		23440C732A8B74D8007EDDD4 /* 11022.cpp */ = {isa = PBXFileReference; lastKnownFileType = sourcecode.cpp.cpp; path = 11022.cpp; sourceTree = "<group>"; };
		23440C752A8B76BC007EDDD4 /* 2438.cpp */ = {isa = PBXFileReference; lastKnownFileType = sourcecode.cpp.cpp; path = 2438.cpp; sourceTree = "<group>"; };
		23440C772A8B7B41007EDDD4 /* 2439.cpp */ = {isa = PBXFileReference; lastKnownFileType = sourcecode.cpp.cpp; path = 2439.cpp; sourceTree = "<group>"; };
		23440C792A8B818D007EDDD4 /* 10952.cpp */ = {isa = PBXFileReference; lastKnownFileType = sourcecode.cpp.cpp; path = 10952.cpp; sourceTree = "<group>"; };
		23440C7B2A8B8338007EDDD4 /* 10951.cpp */ = {isa = PBXFileReference; lastKnownFileType = sourcecode.cpp.cpp; path = 10951.cpp; sourceTree = "<group>"; };
		234E57B92A93A22500ABD1E3 /* circular_queue1.cpp */ = {isa = PBXFileReference; lastKnownFileType = sourcecode.cpp.cpp; path = circular_queue1.cpp; sourceTree = "<group>"; };
		234E57BB2A93A9B000ABD1E3 /* deque1.cpp */ = {isa = PBXFileReference; lastKnownFileType = sourcecode.cpp.cpp; path = deque1.cpp; sourceTree = "<group>"; };
		235953C32A9B7988004BD1BA /* std_set.cpp */ = {isa = PBXFileReference; lastKnownFileType = sourcecode.cpp.cpp; path = std_set.cpp; sourceTree = "<group>"; };
		235C63C52A9F5DFB006C7221 /* hash_set.cpp */ = {isa = PBXFileReference; lastKnownFileType = sourcecode.cpp.cpp; path = hash_set.cpp; sourceTree = "<group>"; };
		235C63C72A9F735F006C7221 /* chaining.cpp */ = {isa = PBXFileReference; lastKnownFileType = sourcecode.cpp.cpp; path = chaining.cpp; sourceTree = "<group>"; };
		235C63C92A9F7A01006C7221 /* unordered_set.cpp */ = {isa = PBXFileReference; lastKnownFileType = sourcecode.cpp.cpp; path = unordered_set.cpp; sourceTree = "<group>"; };
		235C63CB2A9F7D32006C7221 /* unordered_map.cpp */ = {isa = PBXFileReference; lastKnownFileType = sourcecode.cpp.cpp; path = unordered_map.cpp; sourceTree = "<group>"; };
		23626C012A9A52CC0080589C /* search.cpp */ = {isa = PBXFileReference; lastKnownFileType = sourcecode.cpp.cpp; path = search.cpp; sourceTree = "<group>"; };
		236F52642A8D04970056A196 /* reverse.cpp */ = {isa = PBXFileReference; lastKnownFileType = sourcecode.cpp.cpp; path = reverse.cpp; sourceTree = "<group>"; };
		236F52682A8D09F60056A196 /* reverse1.cpp */ = {isa = PBXFileReference; lastKnownFileType = sourcecode.cpp.cpp; path = reverse1.cpp; sourceTree = "<group>"; };
		23852A612A9AFFEF00475E6F /* traversal.cpp */ = {isa = PBXFileReference; lastKnownFileType = sourcecode.cpp.cpp; path = traversal.cpp; sourceTree = "<group>"; };
		23852A632A9B11E000475E6F /* bst1.cpp */ = {isa = PBXFileReference; lastKnownFileType = sourcecode.cpp.cpp; path = bst1.cpp; sourceTree = "<group>"; };
		23852A652A9B203800475E6F /* bst2.cpp */ = {isa = PBXFileReference; lastKnownFileType = sourcecode.cpp.cpp; path = bst2.cpp; sourceTree = "<group>"; };
		2385FE132A9CCE5A00AAB29C /* max_heap.cpp */ = {isa = PBXFileReference; lastKnownFileType = sourcecode.cpp.cpp; path = max_heap.cpp; sourceTree = "<group>"; };
		2385FE152A9CDACC00AAB29C /* priority_queue.cpp */ = {isa = PBXFileReference; lastKnownFileType = sourcecode.cpp.cpp; path = priority_queue.cpp; sourceTree = "<group>"; };
		239046042A97826F00FCAF04 /* basic_sort.cpp */ = {isa = PBXFileReference; lastKnownFileType = sourcecode.cpp.cpp; path = basic_sort.cpp; sourceTree = "<group>"; };
		239046062A978BE500FCAF04 /* merge.cpp */ = {isa = PBXFileReference; lastKnownFileType = sourcecode.cpp.cpp; path = merge.cpp; sourceTree = "<group>"; };
		239046082A97937100FCAF04 /* quick_sort.cpp */ = {isa = PBXFileReference; lastKnownFileType = sourcecode.cpp.cpp; path = quick_sort.cpp; sourceTree = "<group>"; };
		23918B322A8B88FB008A5BF8 /* 10807.cpp */ = {isa = PBXFileReference; lastKnownFileType = sourcecode.cpp.cpp; path = 10807.cpp; sourceTree = "<group>"; };
		23918B342A8B8ABB008A5BF8 /* 10871.cpp */ = {isa = PBXFileReference; lastKnownFileType = sourcecode.cpp.cpp; path = 10871.cpp; sourceTree = "<group>"; };
		23918B362A8B8D10008A5BF8 /* 10818.cpp */ = {isa = PBXFileReference; lastKnownFileType = sourcecode.cpp.cpp; path = 10818.cpp; sourceTree = "<group>"; };
		23B138C92A8E551B00EA73F5 /* paren_check.cpp */ = {isa = PBXFileReference; lastKnownFileType = sourcecode.cpp.cpp; path = paren_check.cpp; sourceTree = "<group>"; };
		23B21B7F2A89016300F6A4DB /* list1.cpp */ = {isa = PBXFileReference; lastKnownFileType = sourcecode.cpp.cpp; path = list1.cpp; sourceTree = "<group>"; };
		23B21B812A89093100F6A4DB /* Foward_list1.cpp */ = {isa = PBXFileReference; lastKnownFileType = sourcecode.cpp.cpp; path = Foward_list1.cpp; sourceTree = "<group>"; };
		23BCEDEE2A886F1D003AD99F /* code_master */ = {isa = PBXFileReference; explicitFileType = "compiled.mach-o.executable"; includeInIndex = 0; path = code_master; sourceTree = BUILT_PRODUCTS_DIR; };
		23DD2D9B2A93874C001EFDC1 /* 10811.cpp */ = {isa = PBXFileReference; lastKnownFileType = sourcecode.cpp.cpp; path = 10811.cpp; sourceTree = "<group>"; };
		23E083692A9B841800740FCD /* std_map.cpp */ = {isa = PBXFileReference; lastKnownFileType = sourcecode.cpp.cpp; path = std_map.cpp; sourceTree = "<group>"; };
		23E965292A887845007278A5 /* 2557.cpp */ = {isa = PBXFileReference; lastKnownFileType = sourcecode.cpp.cpp; path = 2557.cpp; sourceTree = "<group>"; usesTabs = 0; };
		23E9FAE72A92594900F53C7B /* queue1.cpp */ = {isa = PBXFileReference; lastKnownFileType = sourcecode.cpp.cpp; path = queue1.cpp; sourceTree = "<group>"; };
		23E9FAE92A925C8C00F53C7B /* queue2.cpp */ = {isa = PBXFileReference; lastKnownFileType = sourcecode.cpp.cpp; path = queue2.cpp; sourceTree = "<group>"; };
/* End PBXFileReference section */

/* Begin PBXFrameworksBuildPhase section */
		23BCEDEB2A886F1D003AD99F /* Frameworks */ = {
			isa = PBXFrameworksBuildPhase;
			buildActionMask = 2147483647;
			files = (
			);
			runOnlyForDeploymentPostprocessing = 0;
		};
/* End PBXFrameworksBuildPhase section */

/* Begin PBXGroup section */
		230F7AE32A88975600298360 /* 조건문 */ = {
			isa = PBXGroup;
			children = (
				230F7AE42A88976D00298360 /* 1330.cpp */,
				230F7AE62A8899CA00298360 /* 9498.cpp */,
				230F7AE82A889D7500298360 /* 2753.cpp */,
				230F7AEB2A889E9100298360 /* 14681.cpp */,
				230F7AED2A88A01A00298360 /* 2884.cpp */,
				230F7AEF2A88A2B400298360 /* 2525.cpp */,
				230F7AF12A88A61000298360 /* 2480.cpp */,
			);
			name = "조건문";
			path = "조건문";
			sourceTree = "<group>";
		};
		230F7AF32A88AB2F00298360 /* 반복문 */ = {
			isa = PBXGroup;
			children = (
				230F7AF42A88AB7A00298360 /* 2739.cpp */,
				230F7AF62A88B0E300298360 /* 10950.cpp */,
				23440C692A8B683C007EDDD4 /* 8393.cpp */,
				23440C6B2A8B6969007EDDD4 /* 25304.cpp */,
				23440C6D2A8B6B76007EDDD4 /* 25314.cpp */,
				23440C6F2A8B6E5A007EDDD4 /* 15552.cpp */,
				23440C712A8B7243007EDDD4 /* 11021.cpp */,
				23440C732A8B74D8007EDDD4 /* 11022.cpp */,
				23440C752A8B76BC007EDDD4 /* 2438.cpp */,
				23440C772A8B7B41007EDDD4 /* 2439.cpp */,
				23440C792A8B818D007EDDD4 /* 10952.cpp */,
				23440C7B2A8B8338007EDDD4 /* 10951.cpp */,
			);
			name = "반복문";
			path = "반복문";
			sourceTree = "<group>";
		};
		232215332A8BC1D200543BFA /* 스택 */ = {
			isa = PBXGroup;
			children = (
				232215342A8BC1E700543BFA /* stack1.cpp */,
				232215362A8BC6C700543BFA /* stack2.cpp */,
				236F52642A8D04970056A196 /* reverse.cpp */,
				236F52682A8D09F60056A196 /* reverse1.cpp */,
				23B138C92A8E551B00EA73F5 /* paren_check.cpp */,
			);
			name = "스택";
			path = "스택";
			sourceTree = "<group>";
		};
		232268892A94DDA000BA40D6 /* 재귀 */ = {
			isa = PBXGroup;
			children = (
				2322688A2A94E02500BA40D6 /* recursion.cpp */,
				2322688C2A94E6C300BA40D6 /* factorial.cpp */,
				2322688E2A94E8B300BA40D6 /* fibo.cpp */,
				232268912A94EE3C00BA40D6 /* reverse.cpp */,
				232268932A94F13C00BA40D6 /* gcd_lcm.cpp */,
				232268952A94F9FF00BA40D6 /* permutation.cpp */,
				232268972A94FDD600BA40D6 /* hanoi.cpp */,
			);
			name = "재귀";
			path = "재귀 알고리즘";
			sourceTree = "<group>";
		};
		232C690F2AA0B1BA00F5788A /* 그래프 */ = {
			isa = PBXGroup;
			children = (
				232C69102AA0B1CF00F5788A /* graph.cpp */,
				232C69122AA0CA6F00F5788A /* traversal.cpp */,
			);
			name = "그래프";
			path = "그래프";
			sourceTree = "<group>";
		};
		235C63C42A9F5DE0006C7221 /* 해싱과 해시 함수 */ = {
			isa = PBXGroup;
			children = (
				235C63C52A9F5DFB006C7221 /* hash_set.cpp */,
				235C63C72A9F735F006C7221 /* chaining.cpp */,
				235C63C92A9F7A01006C7221 /* unordered_set.cpp */,
				235C63CB2A9F7D32006C7221 /* unordered_map.cpp */,
			);
			name = "해싱과 해시 함수";
			path = "해싱과 해시 함수";
			sourceTree = "<group>";
		};
		23852A602A9AFFC300475E6F /* 트리 */ = {
			isa = PBXGroup;
			children = (
				23852A612A9AFFEF00475E6F /* traversal.cpp */,
				23852A632A9B11E000475E6F /* bst1.cpp */,
				23852A652A9B203800475E6F /* bst2.cpp */,
				235953C32A9B7988004BD1BA /* std_set.cpp */,
				23E083692A9B841800740FCD /* std_map.cpp */,
			);
			name = "트리";
			path = "트리";
			sourceTree = "<group>";
		};
		2385FE122A9CCE3F00AAB29C /*  힙과 우선순위 큐 */ = {
			isa = PBXGroup;
			children = (
				2385FE132A9CCE5A00AAB29C /* max_heap.cpp */,
				2385FE152A9CDACC00AAB29C /* priority_queue.cpp */,
			);
			name = " 힙과 우선순위 큐";
			path = "힙";
			sourceTree = "<group>";
		};
		239046032A97824C00FCAF04 /* 정렬 */ = {
			isa = PBXGroup;
			children = (
				239046042A97826F00FCAF04 /* basic_sort.cpp */,
				239046062A978BE500FCAF04 /* merge.cpp */,
				239046082A97937100FCAF04 /* quick_sort.cpp */,
				230867992A98F188001A98C6 /* sort.cpp */,
				23626C012A9A52CC0080589C /* search.cpp */,
			);
			name = "정렬";
			path = "정렬";
			sourceTree = "<group>";
		};
		23918B312A8B88E4008A5BF8 /* 1차원 배열 */ = {
			isa = PBXGroup;
			children = (
				23DD2D9B2A93874C001EFDC1 /* 10811.cpp */,
				23918B322A8B88FB008A5BF8 /* 10807.cpp */,
				23918B342A8B8ABB008A5BF8 /* 10871.cpp */,
				23918B362A8B8D10008A5BF8 /* 10818.cpp */,
				232B79542A8CE2CE00E0D029 /* 2562.cpp */,
				232B79562A8CE4C600E0D029 /* 10810.cpp */,
				232B79582A8CF02100E0D029 /* 10813.cpp */,
				232B795A2A8CF3D500E0D029 /* 5597.cpp */,
				232E491E2A9379AD008182FA /* 3052.cpp */,
			);
			name = "1차원 배열";
			path = "1차원 배열";
			sourceTree = "<group>";
		};
		23B21B7D2A89011D00F6A4DB /* 자료구조와 알고리즘 */ = {
			isa = PBXGroup;
			children = (
				232C690F2AA0B1BA00F5788A /* 그래프 */,
				235C63C42A9F5DE0006C7221 /* 해싱과 해시 함수 */,
				2385FE122A9CCE3F00AAB29C /*  힙과 우선순위 큐 */,
				23852A602A9AFFC300475E6F /* 트리 */,
				239046032A97824C00FCAF04 /* 정렬 */,
				232268892A94DDA000BA40D6 /* 재귀 */,
				23E9FAE62A92592F00F53C7B /* 큐 */,
				232215332A8BC1D200543BFA /* 스택 */,
				23B21B7E2A89014000F6A4DB /* 리스트 */,
			);
			name = "자료구조와 알고리즘";
			path = "자료구조와 알고리즘";
			sourceTree = "<group>";
		};
		23B21B7E2A89014000F6A4DB /* 리스트 */ = {
			isa = PBXGroup;
			children = (
				23B21B7F2A89016300F6A4DB /* list1.cpp */,
				23B21B812A89093100F6A4DB /* Foward_list1.cpp */,
			);
			name = "리스트";
			path = "리스트";
			sourceTree = "<group>";
		};
		23BCEDE52A886F1D003AD99F = {
			isa = PBXGroup;
			children = (
				23B21B7D2A89011D00F6A4DB /* 자료구조와 알고리즘 */,
				23BCEDF02A886F1D003AD99F /* code_master */,
				23BCEDEF2A886F1D003AD99F /* Products */,
			);
			sourceTree = "<group>";
		};
		23BCEDEF2A886F1D003AD99F /* Products */ = {
			isa = PBXGroup;
			children = (
				23BCEDEE2A886F1D003AD99F /* code_master */,
			);
			name = Products;
			sourceTree = "<group>";
		};
		23BCEDF02A886F1D003AD99F /* code_master */ = {
			isa = PBXGroup;
			children = (
				23918B312A8B88E4008A5BF8 /* 1차원 배열 */,
				230F7AF32A88AB2F00298360 /* 반복문 */,
				230F7AE32A88975600298360 /* 조건문 */,
				23E965282A88780F007278A5 /* 입출력과 사칙연산 */,
			);
			path = code_master;
			sourceTree = "<group>";
		};
		23E965282A88780F007278A5 /* 입출력과 사칙연산 */ = {
			isa = PBXGroup;
			children = (
				23E965292A887845007278A5 /* 2557.cpp */,
				230F7AC82A887A6E00298360 /* 1000.cpp */,
				230F7ACB2A8880B400298360 /* 1001.cpp */,
				230F7ACD2A88810D00298360 /* 10998.cpp */,
				230F7ACF2A88816000298360 /* 1008.cpp */,
				230F7AD12A8882B600298360 /* 10869.cpp */,
				230F7AD52A88892500298360 /* 10926.cpp */,
				230F7AD72A888B6300298360 /* 18108.cpp */,
				230F7AD92A888DB200298360 /* 10430.cpp */,
				230F7ADB2A888EE100298360 /* 2588.cpp */,
				230F7ADD2A8893CB00298360 /* 11382.cpp */,
				230F7ADF2A8894D800298360 /* 10171.cpp */,
				230F7AE12A8895E400298360 /* 10172.cpp */,
			);
			name = "입출력과 사칙연산";
			path = "입출력과 사칙연산";
			sourceTree = "<group>";
		};
		23E9FAE62A92592F00F53C7B /* 큐 */ = {
			isa = PBXGroup;
			children = (
				23E9FAE72A92594900F53C7B /* queue1.cpp */,
				23E9FAE92A925C8C00F53C7B /* queue2.cpp */,
				234E57B92A93A22500ABD1E3 /* circular_queue1.cpp */,
				234E57BB2A93A9B000ABD1E3 /* deque1.cpp */,
			);
			name = "큐";
			path = "큐";
			sourceTree = "<group>";
		};
/* End PBXGroup section */

/* Begin PBXNativeTarget section */
		23BCEDED2A886F1D003AD99F /* code_master */ = {
			isa = PBXNativeTarget;
			buildConfigurationList = 23BCEDF52A886F1D003AD99F /* Build configuration list for PBXNativeTarget "code_master" */;
			buildPhases = (
				23BCEDEA2A886F1D003AD99F /* Sources */,
				23BCEDEB2A886F1D003AD99F /* Frameworks */,
				23BCEDEC2A886F1D003AD99F /* CopyFiles */,
			);
			buildRules = (
			);
			dependencies = (
			);
			name = code_master;
			productName = code_master;
			productReference = 23BCEDEE2A886F1D003AD99F /* code_master */;
			productType = "com.apple.product-type.tool";
		};
/* End PBXNativeTarget section */

/* Begin PBXProject section */
		23BCEDE62A886F1D003AD99F /* Project object */ = {
			isa = PBXProject;
			attributes = {
				BuildIndependentTargetsInParallel = 1;
				LastUpgradeCheck = 1430;
				TargetAttributes = {
					23BCEDED2A886F1D003AD99F = {
						CreatedOnToolsVersion = 14.3.1;
					};
				};
			};
			buildConfigurationList = 23BCEDE92A886F1D003AD99F /* Build configuration list for PBXProject "code_master" */;
			compatibilityVersion = "Xcode 14.0";
			developmentRegion = en;
			hasScannedForEncodings = 0;
			knownRegions = (
				en,
				Base,
			);
			mainGroup = 23BCEDE52A886F1D003AD99F;
			productRefGroup = 23BCEDEF2A886F1D003AD99F /* Products */;
			projectDirPath = "";
			projectRoot = "";
			targets = (
				23BCEDED2A886F1D003AD99F /* code_master */,
			);
		};
/* End PBXProject section */

/* Begin PBXSourcesBuildPhase section */
		23BCEDEA2A886F1D003AD99F /* Sources */ = {
			isa = PBXSourcesBuildPhase;
			buildActionMask = 2147483647;
			files = (
				232C69132AA0CA6F00F5788A /* traversal.cpp in Sources */,
			);
			runOnlyForDeploymentPostprocessing = 0;
		};
/* End PBXSourcesBuildPhase section */

/* Begin XCBuildConfiguration section */
		23BCEDF32A886F1D003AD99F /* Debug */ = {
			isa = XCBuildConfiguration;
			buildSettings = {
				ALWAYS_SEARCH_USER_PATHS = NO;
				CLANG_ANALYZER_NONNULL = YES;
				CLANG_ANALYZER_NUMBER_OBJECT_CONVERSION = YES_AGGRESSIVE;
				CLANG_CXX_LANGUAGE_STANDARD = "gnu++20";
				CLANG_ENABLE_MODULES = YES;
				CLANG_ENABLE_OBJC_ARC = YES;
				CLANG_ENABLE_OBJC_WEAK = YES;
				CLANG_WARN_BLOCK_CAPTURE_AUTORELEASING = YES;
				CLANG_WARN_BOOL_CONVERSION = YES;
				CLANG_WARN_COMMA = YES;
				CLANG_WARN_CONSTANT_CONVERSION = YES;
				CLANG_WARN_DEPRECATED_OBJC_IMPLEMENTATIONS = YES;
				CLANG_WARN_DIRECT_OBJC_ISA_USAGE = YES_ERROR;
				CLANG_WARN_DOCUMENTATION_COMMENTS = YES;
				CLANG_WARN_EMPTY_BODY = YES;
				CLANG_WARN_ENUM_CONVERSION = YES;
				CLANG_WARN_INFINITE_RECURSION = YES;
				CLANG_WARN_INT_CONVERSION = YES;
				CLANG_WARN_NON_LITERAL_NULL_CONVERSION = YES;
				CLANG_WARN_OBJC_IMPLICIT_RETAIN_SELF = YES;
				CLANG_WARN_OBJC_LITERAL_CONVERSION = YES;
				CLANG_WARN_OBJC_ROOT_CLASS = YES_ERROR;
				CLANG_WARN_QUOTED_INCLUDE_IN_FRAMEWORK_HEADER = YES;
				CLANG_WARN_RANGE_LOOP_ANALYSIS = YES;
				CLANG_WARN_STRICT_PROTOTYPES = YES;
				CLANG_WARN_SUSPICIOUS_MOVE = YES;
				CLANG_WARN_UNGUARDED_AVAILABILITY = YES_AGGRESSIVE;
				CLANG_WARN_UNREACHABLE_CODE = YES;
				CLANG_WARN__DUPLICATE_METHOD_MATCH = YES;
				COPY_PHASE_STRIP = NO;
				DEBUG_INFORMATION_FORMAT = dwarf;
				ENABLE_STRICT_OBJC_MSGSEND = YES;
				ENABLE_TESTABILITY = YES;
				GCC_C_LANGUAGE_STANDARD = gnu11;
				GCC_DYNAMIC_NO_PIC = NO;
				GCC_NO_COMMON_BLOCKS = YES;
				GCC_OPTIMIZATION_LEVEL = 0;
				GCC_PREPROCESSOR_DEFINITIONS = (
					"DEBUG=1",
					"$(inherited)",
				);
				GCC_WARN_64_TO_32_BIT_CONVERSION = YES;
				GCC_WARN_ABOUT_RETURN_TYPE = YES_ERROR;
				GCC_WARN_UNDECLARED_SELECTOR = YES;
				GCC_WARN_UNINITIALIZED_AUTOS = YES_AGGRESSIVE;
				GCC_WARN_UNUSED_FUNCTION = YES;
				GCC_WARN_UNUSED_VARIABLE = YES;
				MACOSX_DEPLOYMENT_TARGET = 13.3;
				MTL_ENABLE_DEBUG_INFO = INCLUDE_SOURCE;
				MTL_FAST_MATH = YES;
				ONLY_ACTIVE_ARCH = YES;
				SDKROOT = macosx;
			};
			name = Debug;
		};
		23BCEDF42A886F1D003AD99F /* Release */ = {
			isa = XCBuildConfiguration;
			buildSettings = {
				ALWAYS_SEARCH_USER_PATHS = NO;
				CLANG_ANALYZER_NONNULL = YES;
				CLANG_ANALYZER_NUMBER_OBJECT_CONVERSION = YES_AGGRESSIVE;
				CLANG_CXX_LANGUAGE_STANDARD = "gnu++20";
				CLANG_ENABLE_MODULES = YES;
				CLANG_ENABLE_OBJC_ARC = YES;
				CLANG_ENABLE_OBJC_WEAK = YES;
				CLANG_WARN_BLOCK_CAPTURE_AUTORELEASING = YES;
				CLANG_WARN_BOOL_CONVERSION = YES;
				CLANG_WARN_COMMA = YES;
				CLANG_WARN_CONSTANT_CONVERSION = YES;
				CLANG_WARN_DEPRECATED_OBJC_IMPLEMENTATIONS = YES;
				CLANG_WARN_DIRECT_OBJC_ISA_USAGE = YES_ERROR;
				CLANG_WARN_DOCUMENTATION_COMMENTS = YES;
				CLANG_WARN_EMPTY_BODY = YES;
				CLANG_WARN_ENUM_CONVERSION = YES;
				CLANG_WARN_INFINITE_RECURSION = YES;
				CLANG_WARN_INT_CONVERSION = YES;
				CLANG_WARN_NON_LITERAL_NULL_CONVERSION = YES;
				CLANG_WARN_OBJC_IMPLICIT_RETAIN_SELF = YES;
				CLANG_WARN_OBJC_LITERAL_CONVERSION = YES;
				CLANG_WARN_OBJC_ROOT_CLASS = YES_ERROR;
				CLANG_WARN_QUOTED_INCLUDE_IN_FRAMEWORK_HEADER = YES;
				CLANG_WARN_RANGE_LOOP_ANALYSIS = YES;
				CLANG_WARN_STRICT_PROTOTYPES = YES;
				CLANG_WARN_SUSPICIOUS_MOVE = YES;
				CLANG_WARN_UNGUARDED_AVAILABILITY = YES_AGGRESSIVE;
				CLANG_WARN_UNREACHABLE_CODE = YES;
				CLANG_WARN__DUPLICATE_METHOD_MATCH = YES;
				COPY_PHASE_STRIP = NO;
				DEBUG_INFORMATION_FORMAT = "dwarf-with-dsym";
				ENABLE_NS_ASSERTIONS = NO;
				ENABLE_STRICT_OBJC_MSGSEND = YES;
				GCC_C_LANGUAGE_STANDARD = gnu11;
				GCC_NO_COMMON_BLOCKS = YES;
				GCC_WARN_64_TO_32_BIT_CONVERSION = YES;
				GCC_WARN_ABOUT_RETURN_TYPE = YES_ERROR;
				GCC_WARN_UNDECLARED_SELECTOR = YES;
				GCC_WARN_UNINITIALIZED_AUTOS = YES_AGGRESSIVE;
				GCC_WARN_UNUSED_FUNCTION = YES;
				GCC_WARN_UNUSED_VARIABLE = YES;
				MACOSX_DEPLOYMENT_TARGET = 13.3;
				MTL_ENABLE_DEBUG_INFO = NO;
				MTL_FAST_MATH = YES;
				SDKROOT = macosx;
			};
			name = Release;
		};
		23BCEDF62A886F1D003AD99F /* Debug */ = {
			isa = XCBuildConfiguration;
			buildSettings = {
				CODE_SIGN_STYLE = Automatic;
				PRODUCT_NAME = "$(TARGET_NAME)";
			};
			name = Debug;
		};
		23BCEDF72A886F1D003AD99F /* Release */ = {
			isa = XCBuildConfiguration;
			buildSettings = {
				CODE_SIGN_STYLE = Automatic;
				PRODUCT_NAME = "$(TARGET_NAME)";
			};
			name = Release;
		};
/* End XCBuildConfiguration section */

/* Begin XCConfigurationList section */
		23BCEDE92A886F1D003AD99F /* Build configuration list for PBXProject "code_master" */ = {
			isa = XCConfigurationList;
			buildConfigurations = (
				23BCEDF32A886F1D003AD99F /* Debug */,
				23BCEDF42A886F1D003AD99F /* Release */,
			);
			defaultConfigurationIsVisible = 0;
			defaultConfigurationName = Release;
		};
		23BCEDF52A886F1D003AD99F /* Build configuration list for PBXNativeTarget "code_master" */ = {
			isa = XCConfigurationList;
			buildConfigurations = (
				23BCEDF62A886F1D003AD99F /* Debug */,
				23BCEDF72A886F1D003AD99F /* Release */,
			);
			defaultConfigurationIsVisible = 0;
			defaultConfigurationName = Release;
		};
/* End XCConfigurationList section */
	};
	rootObject = 23BCEDE62A886F1D003AD99F /* Project object */;
}
